# This file is autogenerated, do not edit; changes may be undone by the next 'dep ensure'.


[[projects]]
  branch = "master"
  name = "github.com/asticode/go-astisub"
  packages = ["."]
  revision = "a66ee37740fbd9401b567aeca05a70ed56457da5"

[[projects]]
  branch = "master"
  name = "github.com/asticode/go-astitools"
  packages = ["byte","map","ptr","string"]
  revision = "a7b8e1bab17c5c7c2248c1c3f71302e00d706d9b"

[[projects]]
  name = "github.com/pkg/errors"
  packages = ["."]
  revision = "645ef00459ed84a119197bfb8d8205042c6df63d"
  version = "v0.8.0"

[[projects]]
  branch = "master"
  name = "golang.org/x/text"
  packages = ["internal/gen","internal/triegen","internal/ucd","transform","unicode/cldr","unicode/norm"]
  revision = "eb22672bea55af56d225d4e35405f4d2e9f062a0"

[solve-meta]
  analyzer-name = "dep"
  analyzer-version = 1
  inputs-digest = "9847408a7fe3cb2d0e2efe25bd813206779f72362cf77fc96371ce2781c8f8b3"
  solver-name = "gps-cdcl"
  solver-version = 1
